{
  "name": "lms-project",
  "lockfileVersion": 3,
  "requires": true,
  "packages": {
    "": {
      "dependencies": {
        "@udecode/plate": "^48.0.5",
        "@udecode/plate-basic-elements": "^48.0.0",
        "@udecode/plate-basic-marks": "^48.0.0",
        "axios": "^1.13.2",
        "js-cookie": "^3.0.5"
      }
    },
    "node_modules/@juggle/resize-observer": {
      "version": "3.4.0",
      "resolved": "https://registry.npmjs.org/@juggle/resize-observer/-/resize-observer-3.4.0.tgz",
      "integrity": "sha512-dfLbk+PwWvFzSxwk3n5ySL0hfBog779o8h68wK/7/APo/7cgyWp5jcXockbxdk5kFRkbeXWm4Fbi9FrdN381sA==",
      "license": "Apache-2.0"
    },
    "node_modules/@radix-ui/react-compose-refs": {
      "version": "1.1.2",
      "resolved": "https://registry.npmjs.org/@radix-ui/react-compose-refs/-/react-compose-refs-1.1.2.tgz",
      "integrity": "sha512-z4eqJvfiNnFMHIIvXP3CY57y2WJs5g2v3X0zm9mEJkrkNv4rDxu+sg9Jh8EkXyeqBkB7SOcboo9dMVqhyrACIg==",
      "license": "MIT",
      "peerDependencies": {
        "@types/react": "*",
        "react": "^16.8 || ^17.0 || ^18.0 || ^19.0 || ^19.0.0-rc"
      },
      "peerDependenciesMeta": {
        "@types/react": {
          "optional": true
        }
      }
    },
    "node_modules/@radix-ui/react-slot": {
      "version": "1.2.4",
      "resolved": "https://registry.npmjs.org/@radix-ui/react-slot/-/react-slot-1.2.4.tgz",
      "integrity": "sha512-Jl+bCv8HxKnlTLVrcDE8zTMJ09R9/ukw4qBs/oZClOfoQk/cOTbDn+NceXfV7j09YPVQUryJPHurafcSg6EVKA==",
      "license": "MIT",
      "dependencies": {
        "@radix-ui/react-compose-refs": "1.1.2"
      },
      "peerDependencies": {
        "@types/react": "*",
        "react": "^16.8 || ^17.0 || ^18.0 || ^19.0 || ^19.0.0-rc"
      },
      "peerDependenciesMeta": {
        "@types/react": {
          "optional": true
        }
      }
    },
    "node_modules/@udecode/plate": {
      "version": "48.0.5",
      "resolved": "https://registry.npmjs.org/@udecode/plate/-/plate-48.0.5.tgz",
      "integrity": "sha512-C/Pi8a8xXVWqMj7lTaMD3/5oxW6Y0rJ7y2q2HsqU7fBTRF3kWw3+e0o1kjxXSzQnvTYsqVtEtmkPMiAv3Yaypg==",
      "license": "MIT",
      "dependencies": {
        "@udecode/plate-core": "48.0.5",
        "@udecode/plate-utils": "48.0.5",
        "@udecode/react-hotkeys": "37.0.0",
        "@udecode/react-utils": "47.3.1",
        "@udecode/slate": "48.0.1",
        "@udecode/utils": "47.2.7"
      },
      "peerDependencies": {
        "react": ">=18.0.0",
        "react-dom": ">=18.0.0"
      }
    },
    "node_modules/@udecode/plate-basic-elements": {
      "version": "48.0.0",
      "resolved": "https://registry.npmjs.org/@udecode/plate-basic-elements/-/plate-basic-elements-48.0.0.tgz",
      "integrity": "sha512-GYvL6aNIZeQCEZR5ae3Ck8Uw3Pg5HgO8Y2Rf2lfhlErY0SSKSzHgUsQuQGUize4Ot1TdGgtqrZvAbAqSQBWIZA==",
      "license": "MIT",
      "dependencies": {
        "@udecode/plate-block-quote": "48.0.0",
        "@udecode/plate-code-block": "48.0.0",
        "@udecode/plate-heading": "48.0.0"
      },
      "peerDependencies": {
        "@udecode/plate": ">=48.0.0",
        "react": ">=18.0.0",
        "react-dom": ">=18.0.0"
      }
    },
    "node_modules/@udecode/plate-basic-marks": {
      "version": "48.0.0",
      "resolved": "https://registry.npmjs.org/@udecode/plate-basic-marks/-/plate-basic-marks-48.0.0.tgz",
      "integrity": "sha512-I7Xw2ZRUQgTc5h3niFLAIYZ0A0udlmHfg19+W6msjZrHSpCTcAhhD4DVryTI1bePMP+K1u6wZbRoTlZPZ/DULQ==",
      "license": "MIT",
      "peerDependencies": {
        "@udecode/plate": ">=48.0.0",
        "react": ">=18.0.0",
        "react-dom": ">=18.0.0"
      }
    },
    "node_modules/@udecode/plate-block-quote": {
      "version": "48.0.0",
      "resolved": "https://registry.npmjs.org/@udecode/plate-block-quote/-/plate-block-quote-48.0.0.tgz",
      "integrity": "sha512-sr5k3Lx2yuyvTIFPn9x5+hxvvAObrct32pR/m0d4h4Ueq/mkQBkfmORSodjObiFhJe7UlLhvWCdEhfIPK7h9Hw==",
      "license": "MIT",
      "peerDependencies": {
        "@udecode/plate": ">=48.0.0",
        "react": ">=18.0.0",
        "react-dom": ">=18.0.0"
      }
    },
    "node_modules/@udecode/plate-code-block": {
      "version": "48.0.0",
      "resolved": "https://registry.npmjs.org/@udecode/plate-code-block/-/plate-code-block-48.0.0.tgz",
      "integrity": "sha512-M1heyAxI5KB4l/ZpeRA/m+4zPcnBDn/oxCHbKntFp60rz1qvbYWHcCcHqygRbjmldkCpdHjBiWAFOVsC1IYwMA==",
      "license": "MIT",
      "peerDependencies": {
        "@udecode/plate": ">=48.0.0",
        "react": ">=18.0.0",
        "react-dom": ">=18.0.0"
      }
    },
    "node_modules/@udecode/plate-core": {
      "version": "48.0.5",
      "resolved": "https://registry.npmjs.org/@udecode/plate-core/-/plate-core-48.0.5.tgz",
      "integrity": "sha512-Ep0/yISRWOOv2ZtSBjgnJ7wGKQZ2pqh+2xWxu7R2YqwbTk2Zteuuvassn7hGieaalti37ecyi9dIkUZZQL8uGg==",
      "license": "MIT",
      "dependencies": {
        "@udecode/react-hotkeys": "37.0.0",
        "@udecode/react-utils": "47.3.1",
        "@udecode/slate": "48.0.1",
        "@udecode/utils": "47.2.7",
        "clsx": "^2.1.1",
        "html-entities": "^2.6.0",
        "is-hotkey": "^0.2.0",
        "jotai": "~2.8.4",
        "jotai-optics": "0.4.0",
        "jotai-x": "2.3.2",
        "lodash": "^4.17.21",
        "nanoid": "^5.1.5",
        "optics-ts": "2.4.1",
        "slate-hyperscript": "0.100.0",
        "slate-react": "0.114.2",
        "use-deep-compare": "^1.3.0",
        "zustand": "^5.0.3",
        "zustand-x": "6.1.0"
      },
      "peerDependencies": {
        "react": ">=18.0.0",
        "react-dom": ">=18.0.0"
      }
    },
    "node_modules/@udecode/plate-heading": {
      "version": "48.0.0",
      "resolved": "https://registry.npmjs.org/@udecode/plate-heading/-/plate-heading-48.0.0.tgz",
      "integrity": "sha512-7Mn9RdphTaBHBe2BDZcye0YsTVQ6kh9acTLthw017gtvdK7i6DjIpjfB/o+Yavj3MuL+9ytknugRTOKeKN9r8Q==",
      "license": "MIT",
      "peerDependencies": {
        "@udecode/plate": ">=48.0.0",
        "react": ">=18.0.0",
        "react-dom": ">=18.0.0"
      }
    },
    "node_modules/@udecode/plate-utils": {
      "version": "48.0.5",
      "resolved": "https://registry.npmjs.org/@udecode/plate-utils/-/plate-utils-48.0.5.tgz",
      "integrity": "sha512-GmSu5aidb0qtlABPlQMfiufJCmyGQIg+OqOSlP7l3OBqS3HG7+ixcHPQQi5HvEpBePbdt4fcOwUZBqdn46MohQ==",
      "license": "MIT",
      "dependencies": {
        "@udecode/plate-core": "48.0.5",
        "@udecode/react-utils": "47.3.1",
        "@udecode/slate": "48.0.1",
        "@udecode/utils": "47.2.7",
        "clsx": "^2.1.1",
        "lodash": "^4.17.21"
      },
      "peerDependencies": {
        "react": ">=18.0.0",
        "react-dom": ">=18.0.0"
      }
    },
    "node_modules/@udecode/react-hotkeys": {
      "version": "37.0.0",
      "resolved": "https://registry.npmjs.org/@udecode/react-hotkeys/-/react-hotkeys-37.0.0.tgz",
      "integrity": "sha512-3ZV5LiaTnKyhXwN6U0NE2cofNsNN2IPMkNCDntbSIIRLYmI+o6LRkDwAucSNh/BIdNXfvxscsR04RYyIwjGbJw==",
      "license": "MIT",
      "peerDependencies": {
        "react": ">=16.8.0",
        "react-dom": ">=16.8.0"
      }
    },
    "node_modules/@udecode/react-utils": {
      "version": "47.3.1",
      "resolved": "https://registry.npmjs.org/@udecode/react-utils/-/react-utils-47.3.1.tgz",
      "integrity": "sha512-fHnY0RGOeKKPnFW8xx8VWlLI0yscHd/kIU5t0bZ5bJ7Vanlhk1CUnPGDNa5HCIMVQrLARngGut/lIyGtoF65EQ==",
      "license": "MIT",
      "dependencies": {
        "@radix-ui/react-slot": "^1.2.0",
        "@udecode/utils": "47.2.7",
        "clsx": "^2.1.1"
      },
      "peerDependencies": {
        "react": ">=18.0.0",
        "react-dom": ">=18.0.0"
      }
    },
    "node_modules/@udecode/slate": {
      "version": "48.0.1",
      "resolved": "https://registry.npmjs.org/@udecode/slate/-/slate-48.0.1.tgz",
      "integrity": "sha512-3so9oEvT5hisF9ZPFOmdeV8HDHC36uEDNYDq54cbExlIyQ1LG48ZRu/qbDMA/42aXmB2BJPIqa0PuQd2UYS3ig==",
      "license": "MIT",
      "dependencies": {
        "@udecode/utils": "47.2.7",
        "is-plain-object": "^5.0.0",
        "lodash": "^4.17.21",
        "slate": "0.114.0",
        "slate-dom": "0.114.0"
      }
    },
    "node_modules/@udecode/slate/node_modules/slate": {
      "version": "0.114.0",
      "resolved": "https://registry.npmjs.org/slate/-/slate-0.114.0.tgz",
      "integrity": "sha512-r3KHl22433DlN5BpLAlL4b3D8ItoGKAkj91YT6GhP39XuLoBT+YFd9ObKuL/okgiPb5lbwnW+71fM45hHceN9w==",
      "license": "MIT",
      "dependencies": {
        "immer": "^10.0.3",
        "is-plain-object": "^5.0.0",
        "tiny-warning": "^1.0.3"
      }
    },
    "node_modules/@udecode/slate/node_modules/slate-dom": {
      "version": "0.114.0",
      "resolved": "https://registry.npmjs.org/slate-dom/-/slate-dom-0.114.0.tgz",
      "integrity": "sha512-3LWIfiDPNQSY+SCPsvMTErCkx2gXTViLoWISisw6uM+unwiOkEF9ZmpHp88/SSmcq6k3P4aIquehUNeNUlkdiA==",
      "license": "MIT",
      "dependencies": {
        "@juggle/resize-observer": "^3.4.0",
        "direction": "^1.0.4",
        "is-hotkey": "^0.2.0",
        "is-plain-object": "^5.0.0",
        "lodash": "^4.17.21",
        "scroll-into-view-if-needed": "^3.1.0",
        "tiny-invariant": "1.3.1"
      },
      "peerDependencies": {
        "slate": ">=0.99.0"
      }
    },
    "node_modules/@udecode/utils": {
      "version": "47.2.7",
      "resolved": "https://registry.npmjs.org/@udecode/utils/-/utils-47.2.7.tgz",
      "integrity": "sha512-tQ8tIcdW+ZqWWrDgyf/moTLWtcErcHxaOfuCD/6qIL5hCq+jZm67nGHQToOT4Czti5Jr7CDPMgr8lYpdTEZcew==",
      "license": "MIT"
    },
    "node_modules/asynckit": {
      "version": "0.4.0",
      "resolved": "https://registry.npmjs.org/asynckit/-/asynckit-0.4.0.tgz",
      "integrity": "sha512-Oei9OH4tRh0YqU3GxhX79dM/mwVgvbZJaSNaRk+bshkj0S5cfHcgYakreBjrHwatXKbz+IoIdYLxrKim2MjW0Q==",
      "license": "MIT"
    },
    "node_modules/axios": {
      "version": "1.13.2",
      "resolved": "https://registry.npmjs.org/axios/-/axios-1.13.2.tgz",
      "integrity": "sha512-VPk9ebNqPcy5lRGuSlKx752IlDatOjT9paPlm8A7yOuW2Fbvp4X3JznJtT4f0GzGLLiWE9W8onz51SqLYwzGaA==",
      "license": "MIT",
      "dependencies": {
        "follow-redirects": "^1.15.6",
        "form-data": "^4.0.4",
        "proxy-from-env": "^1.1.0"
      }
    },
    "node_modules/call-bind-apply-helpers": {
      "version": "1.0.2",
      "resolved": "https://registry.npmjs.org/call-bind-apply-helpers/-/call-bind-apply-helpers-1.0.2.tgz",
      "integrity": "sha512-Sp1ablJ0ivDkSzjcaJdxEunN5/XvksFJ2sMBFfq6x0ryhQV/2b/KwFe21cMpmHtPOSij8K99/wSfoEuTObmuMQ==",
      "license": "MIT",
      "dependencies": {
        "es-errors": "^1.3.0",
        "function-bind": "^1.1.2"
      },
      "engines": {
        "node": ">= 0.4"
      }
    },
    "node_modules/clsx": {
      "version": "2.1.1",
      "resolved": "https://registry.npmjs.org/clsx/-/clsx-2.1.1.tgz",
      "integrity": "sha512-eYm0QWBtUrBWZWG0d386OGAw16Z995PiOVo2B7bjWSbHedGl5e0ZWaq65kOGgUSNesEIDkB9ISbTg/JK9dhCZA==",
      "license": "MIT",
      "engines": {
        "node": ">=6"
      }
    },
    "node_modules/combined-stream": {
      "version": "1.0.8",
      "resolved": "https://registry.npmjs.org/combined-stream/-/combined-stream-1.0.8.tgz",
      "integrity": "sha512-FQN4MRfuJeHf7cBbBMJFXhKSDq+2kAArBlmRBvcvFE5BB1HZKXtSFASDhdlz9zOYwxh8lDdnvmMOe/+5cdoEdg==",
      "license": "MIT",
      "dependencies": {
        "delayed-stream": "~1.0.0"
      },
      "engines": {
        "node": ">= 0.8"
      }
    },
    "node_modules/compute-scroll-into-view": {
      "version": "3.1.1",
      "resolved": "https://registry.npmjs.org/compute-scroll-into-view/-/compute-scroll-into-view-3.1.1.tgz",
      "integrity": "sha512-VRhuHOLoKYOy4UbilLbUzbYg93XLjv2PncJC50EuTWPA3gaja1UjBsUP/D/9/juV3vQFr6XBEzn9KCAHdUvOHw==",
      "license": "MIT"
    },
    "node_modules/delayed-stream": {
      "version": "1.0.0",
      "resolved": "https://registry.npmjs.org/delayed-stream/-/delayed-stream-1.0.0.tgz",
      "integrity": "sha512-ZySD7Nf91aLB0RxL4KGrKHBXl7Eds1DAmEdcoVawXnLD7SDhpNgtuII2aAkg7a7QS41jxPSZ17p4VdGnMHk3MQ==",
      "license": "MIT",
      "engines": {
        "node": ">=0.4.0"
      }
    },
    "node_modules/dequal": {
      "version": "2.0.3",
      "resolved": "https://registry.npmjs.org/dequal/-/dequal-2.0.3.tgz",
      "integrity": "sha512-0je+qPKHEMohvfRTCEo3CrPG6cAzAYgmzKyxRiYSSDkS6eGJdyVJm7WaYA5ECaAD9wLB2T4EEeymA5aFVcYXCA==",
      "license": "MIT",
      "engines": {
        "node": ">=6"
      }
    },
    "node_modules/direction": {
      "version": "1.0.4",
      "resolved": "https://registry.npmjs.org/direction/-/direction-1.0.4.tgz",
      "integrity": "sha512-GYqKi1aH7PJXxdhTeZBFrg8vUBeKXi+cNprXsC1kpJcbcVnV9wBsrOu1cQEdG0WeQwlfHiy3XvnKfIrJ2R0NzQ==",
      "license": "MIT",
      "bin": {
        "direction": "cli.js"
      },
      "funding": {
        "type": "github",
        "url": "https://github.com/sponsors/wooorm"
      }
    },
    "node_modules/dunder-proto": {
      "version": "1.0.1",
      "resolved": "https://registry.npmjs.org/dunder-proto/-/dunder-proto-1.0.1.tgz",
      "integrity": "sha512-KIN/nDJBQRcXw0MLVhZE9iQHmG68qAVIBg9CqmUYjmQIhgij9U5MFvrqkUL5FbtyyzZuOeOt0zdeRe4UY7ct+A==",
      "license": "MIT",
      "dependencies": {
        "call-bind-apply-helpers": "^1.0.1",
        "es-errors": "^1.3.0",
        "gopd": "^1.2.0"
      },
      "engines": {
        "node": ">= 0.4"
      }
    },
    "node_modules/es-define-property": {
      "version": "1.0.1",
      "resolved": "https://registry.npmjs.org/es-define-property/-/es-define-property-1.0.1.tgz",
      "integrity": "sha512-e3nRfgfUZ4rNGL232gUgX06QNyyez04KdjFrF+LTRoOXmrOgFKDg4BCdsjW8EnT69eqdYGmRpJwiPVYNrCaW3g==",
      "license": "MIT",
      "engines": {
        "node": ">= 0.4"
      }
    },
    "node_modules/es-errors": {
      "version": "1.3.0",
      "resolved": "https://registry.npmjs.org/es-errors/-/es-errors-1.3.0.tgz",
      "integrity": "sha512-Zf5H2Kxt2xjTvbJvP2ZWLEICxA6j+hAmMzIlypy4xcBg1vKVnx89Wy0GbS+kf5cwCVFFzdCFh2XSCFNULS6csw==",
      "license": "MIT",
      "engines": {
        "node": ">= 0.4"
      }
    },
    "node_modules/es-object-atoms": {
      "version": "1.1.1",
      "resolved": "https://registry.npmjs.org/es-object-atoms/-/es-object-atoms-1.1.1.tgz",
      "integrity": "sha512-FGgH2h8zKNim9ljj7dankFPcICIK9Cp5bm+c2gQSYePhpaG5+esrLODihIorn+Pe6FGJzWhXQotPv73jTaldXA==",
      "license": "MIT",
      "dependencies": {
        "es-errors": "^1.3.0"
      },
      "engines": {
        "node": ">= 0.4"
      }
    },
    "node_modules/es-set-tostringtag": {
      "version": "2.1.0",
      "resolved": "https://registry.npmjs.org/es-set-tostringtag/-/es-set-tostringtag-2.1.0.tgz",
      "integrity": "sha512-j6vWzfrGVfyXxge+O0x5sh6cvxAog0a/4Rdd2K36zCMV5eJ+/+tOAngRO8cODMNWbVRdVlmGZQL2YS3yR8bIUA==",
      "license": "MIT",
      "dependencies": {
        "es-errors": "^1.3.0",
        "get-intrinsic": "^1.2.6",
        "has-tostringtag": "^1.0.2",
        "hasown": "^2.0.2"
      },
      "engines": {
        "node": ">= 0.4"
      }
    },
    "node_modules/follow-redirects": {
      "version": "1.15.11",
      "resolved": "https://registry.npmjs.org/follow-redirects/-/follow-redirects-1.15.11.tgz",
      "integrity": "sha512-deG2P0JfjrTxl50XGCDyfI97ZGVCxIpfKYmfyrQ54n5FO/0gfIES8C/Psl6kWVDolizcaaxZJnTS0QSMxvnsBQ==",
      "funding": [
        {
          "type": "individual",
          "url": "https://github.com/sponsors/RubenVerborgh"
        }
      ],
      "license": "MIT",
      "engines": {
        "node": ">=4.0"
      },
      "peerDependenciesMeta": {
        "debug": {
          "optional": true
        }
      }
    },
    "node_modules/form-data": {
      "version": "4.0.4",
      "resolved": "https://registry.npmjs.org/form-data/-/form-data-4.0.4.tgz",
      "integrity": "sha512-KrGhL9Q4zjj0kiUt5OO4Mr/A/jlI2jDYs5eHBpYHPcBEVSiipAvn2Ko2HnPe20rmcuuvMHNdZFp+4IlGTMF0Ow==",
      "license": "MIT",
      "dependencies": {
        "asynckit": "^0.4.0",
        "combined-stream": "^1.0.8",
        "es-set-tostringtag": "^2.1.0",
        "hasown": "^2.0.2",
        "mime-types": "^2.1.12"
      },
      "engines": {
        "node": ">= 6"
      }
    },
    "node_modules/function-bind": {
      "version": "1.1.2",
      "resolved": "https://registry.npmjs.org/function-bind/-/function-bind-1.1.2.tgz",
      "integrity": "sha512-7XHNxH7qX9xG5mIwxkhumTox/MIRNcOgDrxWsMt2pAr23WHp6MrRlN7FBSFpCpr+oVO0F744iUgR82nJMfG2SA==",
      "license": "MIT",
      "funding": {
        "url": "https://github.com/sponsors/ljharb"
      }
    },
    "node_modules/get-intrinsic": {
      "version": "1.3.0",
      "resolved": "https://registry.npmjs.org/get-intrinsic/-/get-intrinsic-1.3.0.tgz",
      "integrity": "sha512-9fSjSaos/fRIVIp+xSJlE6lfwhES7LNtKaCBIamHsjr2na1BiABJPo0mOjjz8GJDURarmCPGqaiVg5mfjb98CQ==",
      "license": "MIT",
      "dependencies": {
        "call-bind-apply-helpers": "^1.0.2",
        "es-define-property": "^1.0.1",
        "es-errors": "^1.3.0",
        "es-object-atoms": "^1.1.1",
        "function-bind": "^1.1.2",
        "get-proto": "^1.0.1",
        "gopd": "^1.2.0",
        "has-symbols": "^1.1.0",
        "hasown": "^2.0.2",
        "math-intrinsics": "^1.1.0"
      },
      "engines": {
        "node": ">= 0.4"
      },
      "funding": {
        "url": "https://github.com/sponsors/ljharb"
      }
    },
    "node_modules/get-proto": {
      "version": "1.0.1",
      "resolved": "https://registry.npmjs.org/get-proto/-/get-proto-1.0.1.tgz",
      "integrity": "sha512-sTSfBjoXBp89JvIKIefqw7U2CCebsc74kiY6awiGogKtoSGbgjYE/G/+l9sF3MWFPNc9IcoOC4ODfKHfxFmp0g==",
      "license": "MIT",
      "dependencies": {
        "dunder-proto": "^1.0.1",
        "es-object-atoms": "^1.0.0"
      },
      "engines": {
        "node": ">= 0.4"
      }
    },
    "node_modules/gopd": {
      "version": "1.2.0",
      "resolved": "https://registry.npmjs.org/gopd/-/gopd-1.2.0.tgz",
      "integrity": "sha512-ZUKRh6/kUFoAiTAtTYPZJ3hw9wNxx+BIBOijnlG9PnrJsCcSjs1wyyD6vJpaYtgnzDrKYRSqf3OO6Rfa93xsRg==",
      "license": "MIT",
      "engines": {
        "node": ">= 0.4"
      },
      "funding": {
        "url": "https://github.com/sponsors/ljharb"
      }
    },
    "node_modules/has-symbols": {
      "version": "1.1.0",
      "resolved": "https://registry.npmjs.org/has-symbols/-/has-symbols-1.1.0.tgz",
      "integrity": "sha512-1cDNdwJ2Jaohmb3sg4OmKaMBwuC48sYni5HUw2DvsC8LjGTLK9h+eb1X6RyuOHe4hT0ULCW68iomhjUoKUqlPQ==",
      "license": "MIT",
      "engines": {
        "node": ">= 0.4"
      },
      "funding": {
        "url": "https://github.com/sponsors/ljharb"
      }
    },
    "node_modules/has-tostringtag": {
      "version": "1.0.2",
      "resolved": "https://registry.npmjs.org/has-tostringtag/-/has-tostringtag-1.0.2.tgz",
      "integrity": "sha512-NqADB8VjPFLM2V0VvHUewwwsw0ZWBaIdgo+ieHtK3hasLz4qeCRjYcqfB6AQrBggRKppKF8L52/VqdVsO47Dlw==",
      "license": "MIT",
      "dependencies": {
        "has-symbols": "^1.0.3"
      },
      "engines": {
        "node": ">= 0.4"
      },
      "funding": {
        "url": "https://github.com/sponsors/ljharb"
      }
    },
    "node_modules/hasown": {
      "version": "2.0.2",
      "resolved": "https://registry.npmjs.org/hasown/-/hasown-2.0.2.tgz",
      "integrity": "sha512-0hJU9SCPvmMzIBdZFqNPXWa6dqh7WdH0cII9y+CyS8rG3nL48Bclra9HmKhVVUHyPWNH5Y7xDwAB7bfgSjkUMQ==",
      "license": "MIT",
      "dependencies": {
        "function-bind": "^1.1.2"
      },
      "engines": {
        "node": ">= 0.4"
      }
    },
    "node_modules/html-entities": {
      "version": "2.6.0",
      "resolved": "https://registry.npmjs.org/html-entities/-/html-entities-2.6.0.tgz",
      "integrity": "sha512-kig+rMn/QOVRvr7c86gQ8lWXq+Hkv6CbAH1hLu+RG338StTpE8Z0b44SDVaqVu7HGKf27frdmUYEs9hTUX/cLQ==",
      "funding": [
        {
          "type": "github",
          "url": "https://github.com/sponsors/mdevils"
        },
        {
          "type": "patreon",
          "url": "https://patreon.com/mdevils"
        }
      ],
      "license": "MIT"
    },
    "node_modules/immer": {
      "version": "10.2.0",
      "resolved": "https://registry.npmjs.org/immer/-/immer-10.2.0.tgz",
      "integrity": "sha512-d/+XTN3zfODyjr89gM3mPq1WNX2B8pYsu7eORitdwyA2sBubnTl3laYlBk4sXY5FUa5qTZGBDPJICVbvqzjlbw==",
      "license": "MIT",
      "funding": {
        "type": "opencollective",
        "url": "https://opencollective.com/immer"
      }
    },
    "node_modules/is-hotkey": {
      "version": "0.2.0",
      "resolved": "https://registry.npmjs.org/is-hotkey/-/is-hotkey-0.2.0.tgz",
      "integrity": "sha512-UknnZK4RakDmTgz4PI1wIph5yxSs/mvChWs9ifnlXsKuXgWmOkY/hAE0H/k2MIqH0RlRye0i1oC07MCRSD28Mw==",
      "license": "MIT"
    },
    "node_modules/is-plain-object": {
      "version": "5.0.0",
      "resolved": "https://registry.npmjs.org/is-plain-object/-/is-plain-object-5.0.0.tgz",
      "integrity": "sha512-VRSzKkbMm5jMDoKLbltAkFQ5Qr7VDiTFGXxYFXXowVj387GeGNOCsOH6Msy00SGZ3Fp84b1Naa1psqgcCIEP5Q==",
      "license": "MIT",
      "engines": {
        "node": ">=0.10.0"
      }
    },
    "node_modules/jotai": {
      "version": "2.8.4",
      "resolved": "https://registry.npmjs.org/jotai/-/jotai-2.8.4.tgz",
      "integrity": "sha512-f6jwjhBJcDtpeauT2xH01gnqadKEySwwt1qNBLvAXcnojkmb76EdqRt05Ym8IamfHGAQz2qMKAwftnyjeSoHAA==",
      "license": "MIT",
      "engines": {
        "node": ">=12.20.0"
      },
      "peerDependencies": {
        "@types/react": ">=17.0.0",
        "react": ">=17.0.0"
      },
      "peerDependenciesMeta": {
        "@types/react": {
          "optional": true
        },
        "react": {
          "optional": true
        }
      }
    },
    "node_modules/jotai-optics": {
      "version": "0.4.0",
      "resolved": "https://registry.npmjs.org/jotai-optics/-/jotai-optics-0.4.0.tgz",
      "integrity": "sha512-osbEt9AgS55hC4YTZDew2urXKZkaiLmLqkTS/wfW5/l0ib8bmmQ7kBXSFaosV6jDDWSp00IipITcJARFHdp42g==",
      "license": "MIT",
      "peerDependencies": {
        "jotai": ">=2.0.0",
        "optics-ts": ">=2.0.0"
      }
    },
    "node_modules/jotai-x": {
      "version": "2.3.2",
      "resolved": "https://registry.npmjs.org/jotai-x/-/jotai-x-2.3.2.tgz",
      "integrity": "sha512-WjOfSO4lZBtuy7igTcJ8ZMq9zf/MfjnJnMgsdLNLZrFeiaAWif7Kh/kXwIG4dFMLTOFZ9Bf96bztv21VBcTB0g==",
      "license": "MIT",
      "peerDependencies": {
        "@types/react": ">=17.0.0",
        "jotai": ">=2.0.0",
        "react": ">=17.0.0"
      },
      "peerDependenciesMeta": {
        "@types/react": {
          "optional": true
        },
        "react": {
          "optional": true
        }
      }
    },
    "node_modules/js-cookie": {
      "version": "3.0.5",
      "resolved": "https://registry.npmjs.org/js-cookie/-/js-cookie-3.0.5.tgz",
      "integrity": "sha512-cEiJEAEoIbWfCZYKWhVwFuvPX1gETRYPw6LlaTKoxD3s2AkXzkCjnp6h0V77ozyqj0jakteJ4YqDJT830+lVGw==",
      "license": "MIT",
      "engines": {
        "node": ">=14"
      }
    },
    "node_modules/lodash": {
      "version": "4.17.21",
      "resolved": "https://registry.npmjs.org/lodash/-/lodash-4.17.21.tgz",
      "integrity": "sha512-v2kDEe57lecTulaDIuNTPy3Ry4gLGJ6Z1O3vE1krgXZNrsQ+LFTGHVxVjcXPs17LhbZVGedAJv8XZ1tvj5FvSg==",
      "license": "MIT"
    },
    "node_modules/lodash.mapvalues": {
      "version": "4.6.0",
      "resolved": "https://registry.npmjs.org/lodash.mapvalues/-/lodash.mapvalues-4.6.0.tgz",
      "integrity": "sha512-JPFqXFeZQ7BfS00H58kClY7SPVeHertPE0lNuCyZ26/XlN8TvakYD7b9bGyNmXbT/D3BbtPAAmq90gPWqLkxlQ==",
      "license": "MIT"
    },
    "node_modules/math-intrinsics": {
      "version": "1.1.0",
      "resolved": "https://registry.npmjs.org/math-intrinsics/-/math-intrinsics-1.1.0.tgz",
      "integrity": "sha512-/IXtbwEk5HTPyEwyKX6hGkYXxM9nbj64B+ilVJnC/R6B0pH5G4V3b0pVbL7DBj4tkhBAppbQUlf6F6Xl9LHu1g==",
      "license": "MIT",
      "engines": {
        "node": ">= 0.4"
      }
    },
    "node_modules/mime-db": {
      "version": "1.52.0",
      "resolved": "https://registry.npmjs.org/mime-db/-/mime-db-1.52.0.tgz",
      "integrity": "sha512-sPU4uV7dYlvtWJxwwxHD0PuihVNiE7TyAbQ5SWxDCB9mUYvOgroQOwYQQOKPJ8CIbE+1ETVlOoK1UC2nU3gYvg==",
      "license": "MIT",
      "engines": {
        "node": ">= 0.6"
      }
    },
    "node_modules/mime-types": {
      "version": "2.1.35",
      "resolved": "https://registry.npmjs.org/mime-types/-/mime-types-2.1.35.tgz",
      "integrity": "sha512-ZDY+bPm5zTTF+YpCrAU9nK0UgICYPT0QtT1NZWFv4s++TNkcgVaT0g6+4R2uI4MjQjzysHB1zxuWL50hzaeXiw==",
      "license": "MIT",
      "dependencies": {
        "mime-db": "1.52.0"
      },
      "engines": {
        "node": ">= 0.6"
      }
    },
    "node_modules/mutative": {
      "version": "1.1.0",
      "resolved": "https://registry.npmjs.org/mutative/-/mutative-1.1.0.tgz",
      "integrity": "sha512-2PJADREjOusk3iJkD3rXV2YjAxTuaLxdfqtqTEt6vcY07LtEBR1seHuBHXWEIuscqRDGvbauYPs+A4Rj/KTczQ==",
      "license": "MIT",
      "engines": {
        "node": ">=14.0"
      }
    },
    "node_modules/nanoid": {
      "version": "5.1.6",
      "resolved": "https://registry.npmjs.org/nanoid/-/nanoid-5.1.6.tgz",
      "integrity": "sha512-c7+7RQ+dMB5dPwwCp4ee1/iV/q2P6aK1mTZcfr1BTuVlyW9hJYiMPybJCcnBlQtuSmTIWNeazm/zqNoZSSElBg==",
      "funding": [
        {
          "type": "github",
          "url": "https://github.com/sponsors/ai"
        }
      ],
      "license": "MIT",
      "bin": {
        "nanoid": "bin/nanoid.js"
      },
      "engines": {
        "node": "^18 || >=20"
      }
    },
    "node_modules/optics-ts": {
      "version": "2.4.1",
      "resolved": "https://registry.npmjs.org/optics-ts/-/optics-ts-2.4.1.tgz",
      "integrity": "sha512-HaYzMHvC80r7U/LqAd4hQyopDezC60PO2qF5GuIwALut2cl5rK1VWHsqTp0oqoJJWjiv6uXKqsO+Q2OO0C3MmQ==",
      "license": "MIT"
    },
    "node_modules/proxy-compare": {
      "version": "2.6.0",
      "resolved": "https://registry.npmjs.org/proxy-compare/-/proxy-compare-2.6.0.tgz",
      "integrity": "sha512-8xuCeM3l8yqdmbPoYeLbrAXCBWu19XEYc5/F28f5qOaoAIMyfmBUkl5axiK+x9olUvRlcekvnm98AP9RDngOIw==",
      "license": "MIT"
    },
    "node_modules/proxy-from-env": {
      "version": "1.1.0",
      "resolved": "https://registry.npmjs.org/proxy-from-env/-/proxy-from-env-1.1.0.tgz",
      "integrity": "sha512-D+zkORCbA9f1tdWRK0RaCR3GPv50cMxcrz4X8k5LTSUD1Dkw47mKJEZQNunItRTkWwgtaUSo1RVFRIG9ZXiFYg==",
      "license": "MIT"
    },
    "node_modules/react": {
      "version": "19.2.0",
      "resolved": "https://registry.npmjs.org/react/-/react-19.2.0.tgz",
      "integrity": "sha512-tmbWg6W31tQLeB5cdIBOicJDJRR2KzXsV7uSK9iNfLWQ5bIZfxuPEHp7M8wiHyHnn0DD1i7w3Zmin0FtkrwoCQ==",
      "license": "MIT",
      "peer": true,
      "engines": {
        "node": ">=0.10.0"
      }
    },
    "node_modules/react-dom": {
      "version": "19.2.0",
      "resolved": "https://registry.npmjs.org/react-dom/-/react-dom-19.2.0.tgz",
      "integrity": "sha512-UlbRu4cAiGaIewkPyiRGJk0imDN2T3JjieT6spoL2UeSf5od4n5LB/mQ4ejmxhCFT1tYe8IvaFulzynWovsEFQ==",
      "license": "MIT",
      "peer": true,
      "dependencies": {
        "scheduler": "^0.27.0"
      },
      "peerDependencies": {
        "react": "^19.2.0"
      }
    },
    "node_modules/react-tracked": {
      "version": "1.7.14",
      "resolved": "https://registry.npmjs.org/react-tracked/-/react-tracked-1.7.14.tgz",
      "integrity": "sha512-6UMlgQeRAGA+uyYzuQGm7kZB6ZQYFhc7sntgP7Oxwwd6M0Ud/POyb4K3QWT1eXvoifSa80nrAWnXWFGpOvbwkw==",
      "license": "MIT",
      "dependencies": {
        "proxy-compare": "2.6.0",
        "use-context-selector": "1.4.4"
      },
      "peerDependencies": {
        "react": ">=16.8.0",
        "react-dom": "*",
        "react-native": "*",
        "scheduler": ">=0.19.0"
      },
      "peerDependenciesMeta": {
        "react-dom": {
          "optional": true
        },
        "react-native": {
          "optional": true
        }
      }
    },
    "node_modules/scheduler": {
      "version": "0.27.0",
      "resolved": "https://registry.npmjs.org/scheduler/-/scheduler-0.27.0.tgz",
      "integrity": "sha512-eNv+WrVbKu1f3vbYJT/xtiF5syA5HPIMtf9IgY/nKg0sWqzAUEvqY/xm7OcZc/qafLx/iO9FgOmeSAp4v5ti/Q==",
      "license": "MIT",
      "peer": true
    },
    "node_modules/scroll-into-view-if-needed": {
      "version": "3.1.0",
      "resolved": "https://registry.npmjs.org/scroll-into-view-if-needed/-/scroll-into-view-if-needed-3.1.0.tgz",
      "integrity": "sha512-49oNpRjWRvnU8NyGVmUaYG4jtTkNonFZI86MmGRDqBphEK2EXT9gdEUoQPZhuBM8yWHxCWbobltqYO5M4XrUvQ==",
      "license": "MIT",
      "dependencies": {
        "compute-scroll-into-view": "^3.0.2"
      }
    },
    "node_modules/slate": {
      "version": "0.118.1",
      "resolved": "https://registry.npmjs.org/slate/-/slate-0.118.1.tgz",
      "integrity": "sha512-6H1DNgnSwAFhq/pIgf+tLvjNzH912M5XrKKhP9Frmbds2zFXdSJ6L/uFNyVKxQIkPzGWPD0m+wdDfmEuGFH5Tg==",
      "license": "MIT",
      "peer": true,
      "dependencies": {
        "immer": "^10.0.3",
        "tiny-warning": "^1.0.3"
      }
    },
    "node_modules/slate-dom": {
      "version": "0.119.0",
      "resolved": "https://registry.npmjs.org/slate-dom/-/slate-dom-0.119.0.tgz",
      "integrity": "sha512-foc8a2NkE+1SldDIYaoqjhVKupt8RSuvHI868rfYOcypD4we5TT7qunjRKJ852EIRh/Ql8sSTepXgXKOUJnt1w==",
      "license": "MIT",
      "peer": true,
      "dependencies": {
        "@juggle/resize-observer": "^3.4.0",
        "direction": "^1.0.4",
        "is-hotkey": "^0.2.0",
        "is-plain-object": "^5.0.0",
        "lodash": "^4.17.21",
        "scroll-into-view-if-needed": "^3.1.0",
        "tiny-invariant": "1.3.1"
      },
      "peerDependencies": {
        "slate": ">=0.99.0"
      }
    },
    "node_modules/slate-hyperscript": {
      "version": "0.100.0",
      "resolved": "https://registry.npmjs.org/slate-hyperscript/-/slate-hyperscript-0.100.0.tgz",
      "integrity": "sha512-fb2KdAYg6RkrQGlqaIi4wdqz3oa0S4zKNBJlbnJbNOwa23+9FLD6oPVx9zUGqCSIpy+HIpOeqXrg0Kzwh/Ii4A==",
      "license": "MIT",
      "dependencies": {
        "is-plain-object": "^5.0.0"
      },
      "peerDependencies": {
        "slate": ">=0.65.3"
      }
    },
    "node_modules/slate-react": {
      "version": "0.114.2",
      "resolved": "https://registry.npmjs.org/slate-react/-/slate-react-0.114.2.tgz",
      "integrity": "sha512-yqJnX1/7A30szl9BxW3qX99MZy6mM6VtUi1rXTy0JpRMTKv3rduo0WOxqcX90tpt0ke2pzHGbrLLr1buIN4vrw==",
      "license": "MIT",
      "dependencies": {
        "@juggle/resize-observer": "^3.4.0",
        "direction": "^1.0.4",
        "is-hotkey": "^0.2.0",
        "is-plain-object": "^5.0.0",
        "lodash": "^4.17.21",
        "scroll-into-view-if-needed": "^3.1.0",
        "tiny-invariant": "1.3.1"
      },
      "peerDependencies": {
        "react": ">=18.2.0",
        "react-dom": ">=18.2.0",
        "slate": ">=0.114.0",
        "slate-dom": ">=0.110.2"
      }
    },
    "node_modules/tiny-invariant": {
      "version": "1.3.1",
      "resolved": "https://registry.npmjs.org/tiny-invariant/-/tiny-invariant-1.3.1.tgz",
      "integrity": "sha512-AD5ih2NlSssTCwsMznbvwMZpJ1cbhkGd2uueNxzv2jDlEeZdU04JQfRnggJQ8DrcVBGjAsCKwFBbDlVNtEMlzw==",
      "license": "MIT"
    },
    "node_modules/tiny-warning": {
      "version": "1.0.3",
      "resolved": "https://registry.npmjs.org/tiny-warning/-/tiny-warning-1.0.3.tgz",
      "integrity": "sha512-lBN9zLN/oAf68o3zNXYrdCt1kP8WsiGW8Oo2ka41b2IM5JL/S1CTyX1rW0mb/zSuJun0ZUrDxx4sqvYS2FWzPA==",
      "license": "MIT"
    },
    "node_modules/use-context-selector": {
      "version": "1.4.4",
      "resolved": "https://registry.npmjs.org/use-context-selector/-/use-context-selector-1.4.4.tgz",
      "integrity": "sha512-pS790zwGxxe59GoBha3QYOwk8AFGp4DN6DOtH+eoqVmgBBRXVx4IlPDhJmmMiNQAgUaLlP+58aqRC3A4rdaSjg==",
      "license": "MIT",
      "peerDependencies": {
        "react": ">=16.8.0",
        "react-dom": "*",
        "react-native": "*",
        "scheduler": ">=0.19.0"
      },
      "peerDependenciesMeta": {
        "react-dom": {
          "optional": true
        },
        "react-native": {
          "optional": true
        }
      }
    },
    "node_modules/use-deep-compare": {
      "version": "1.3.0",
      "resolved": "https://registry.npmjs.org/use-deep-compare/-/use-deep-compare-1.3.0.tgz",
      "integrity": "sha512-94iG+dEdEP/Sl3WWde+w9StIunlV8Dgj+vkt5wTwMoFQLaijiEZSXXy8KtcStpmEDtIptRJiNeD4ACTtVvnIKA==",
      "license": "MIT",
      "dependencies": {
        "dequal": "2.0.3"
      },
      "peerDependencies": {
        "react": ">=16.8.0"
      }
    },
    "node_modules/use-sync-external-store": {
      "version": "1.4.0",
      "resolved": "https://registry.npmjs.org/use-sync-external-store/-/use-sync-external-store-1.4.0.tgz",
      "integrity": "sha512-9WXSPC5fMv61vaupRkCKCxsPxBocVnwakBEkMIHHpkTTg6icbJtg6jzgtLDm4bl3cSHAca52rYWih0k4K3PfHw==",
      "license": "MIT",
      "peerDependencies": {
        "react": "^16.8.0 || ^17.0.0 || ^18.0.0 || ^19.0.0"
      }
    },
    "node_modules/zustand": {
      "version": "5.0.8",
      "resolved": "https://registry.npmjs.org/zustand/-/zustand-5.0.8.tgz",
      "integrity": "sha512-gyPKpIaxY9XcO2vSMrLbiER7QMAMGOQZVRdJ6Zi782jkbzZygq5GI9nG8g+sMgitRtndwaBSl7uiqC49o1SSiw==",
      "license": "MIT",
      "engines": {
        "node": ">=12.20.0"
      },
      "peerDependencies": {
        "@types/react": ">=18.0.0",
        "immer": ">=9.0.6",
        "react": ">=18.0.0",
        "use-sync-external-store": ">=1.2.0"
      },
      "peerDependenciesMeta": {
        "@types/react": {
          "optional": true
        },
        "immer": {
          "optional": true
        },
        "react": {
          "optional": true
        },
        "use-sync-external-store": {
          "optional": true
        }
      }
    },
    "node_modules/zustand-x": {
      "version": "6.1.0",
      "resolved": "https://registry.npmjs.org/zustand-x/-/zustand-x-6.1.0.tgz",
      "integrity": "sha512-lW1Fs29bLCrerWDa3lZLPuEn+ZkbSGzXdwdImKLJUtI2OqlDjpcFac5WTzCPs2ul/igwXFnGiKH1mdn+1Pl2mw==",
      "license": "MIT",
      "dependencies": {
        "immer": "^10.0.3",
        "lodash.mapvalues": "^4.6.0",
        "mutative": "1.1.0",
        "react-tracked": "^1.7.11",
        "use-sync-external-store": "1.4.0"
      },
      "peerDependencies": {
        "zustand": ">=5.0.2"
      }
    }
  }
}
